
Microsoft Visual Studio Solution File, Format Version 12.00
# Visual Studio 15
VisualStudioVersion = 15.0.27004.2002
MinimumVisualStudioVersion = 10.0.40219.1
Project("{FAE04EC0-301F-11D3-BF4B-00C04F79EFBC}") = "HandsOn02", "HandsOn02.csproj", "{3353C0A2-6C3F-4DEB-81A2-E5FADC26A85D}"
EndProject
Global
	GlobalSection(SolutionConfigurationPlatforms) = preSolution
		Debug|Any CPU = Debug|Any CPU
		Release|Any CPU = Release|Any CPU
	EndGlobalSection
	GlobalSection(ProjectConfigurationPlatforms) = postSolution
		{3353C0A2-6C3F-4DEB-81A2-E5FADC26A85D}.Debug|Any CPU.ActiveCfg = Debug|Any CPU
		{3353C0A2-6C3F-4DEB-81A2-E5FADC26A85D}.Debug|Any CPU.Build.0 = Debug|Any CPU
		{3353C0A2-6C3F-4DEB-81A2-E5FADC26A85D}.Release|Any CPU.ActiveCfg = Release|Any CPU
		{3353C0A2-6C3F-4DEB-81A2-E5FADC26A85D}.Release|Any CPU.Build.0 = Release|Any CPU
	EndGlobalSection
	GlobalSection(SolutionProperties) = preSolution
		HideSolutionNode = FALSE
	EndGlobalSection
	GlobalSection(ExtensibilityGlobals) = postSolution
		SolutionGuid = {1549EF36-11DE-45D0-B4FD-CD8B4F82BEC5}
	EndGlobalSection
EndGlobal
